
Microsoft Visual Studio Solution File, Format Version 12.00
# Visual Studio Version 16
VisualStudioVersion = 16.0.30621.155
MinimumVisualStudioVersion = 10.0.40219.1
Project("{FAE04EC0-301F-11D3-BF4B-00C04F79EFBC}") = "VueSandbox", "VueSandbox.csproj", "{6C4DFC8A-380E-4521-AE46-A0880894387C}"
EndProject
Global
	GlobalSection(SolutionConfigurationPlatforms) = preSolution
		Debug|Any CPU = Debug|Any CPU
		Release|Any CPU = Release|Any CPU
	EndGlobalSection
	GlobalSection(ProjectConfigurationPlatforms) = postSolution
		{6C4DFC8A-380E-4521-AE46-A0880894387C}.Debug|Any CPU.ActiveCfg = Debug|Any CPU
		{6C4DFC8A-380E-4521-AE46-A0880894387C}.Debug|Any CPU.Build.0 = Debug|Any CPU
		{6C4DFC8A-380E-4521-AE46-A0880894387C}.Release|Any CPU.ActiveCfg = Release|Any CPU
		{6C4DFC8A-380E-4521-AE46-A0880894387C}.Release|Any CPU.Build.0 = Release|Any CPU
	EndGlobalSection
	GlobalSection(SolutionProperties) = preSolution
		HideSolutionNode = FALSE
	EndGlobalSection
	GlobalSection(ExtensibilityGlobals) = postSolution
		SolutionGuid = {4B51844E-CF68-45F7-AF83-296778DD34A7}
	EndGlobalSection
EndGlobal
